
Microsoft Visual Studio Solution File, Format Version 12.00
# Visual Studio Version 16
VisualStudioVersion = 16.0.29806.167
MinimumVisualStudioVersion = 10.0.40219.1
Project("{FAE04EC0-301F-11D3-BF4B-00C04F79EFBC}") = "lab15", "lab15\lab15.csproj", "{63E503DA-0B33-45D5-906F-7591B4CA115A}"
EndProject
Global
	GlobalSection(SolutionConfigurationPlatforms) = preSolution
		Debug|Any CPU = Debug|Any CPU
		Release|Any CPU = Release|Any CPU
	EndGlobalSection
	GlobalSection(ProjectConfigurationPlatforms) = postSolution
		{63E503DA-0B33-45D5-906F-7591B4CA115A}.Debug|Any CPU.ActiveCfg = Debug|Any CPU
		{63E503DA-0B33-45D5-906F-7591B4CA115A}.Debug|Any CPU.Build.0 = Debug|Any CPU
		{63E503DA-0B33-45D5-906F-7591B4CA115A}.Release|Any CPU.ActiveCfg = Release|Any CPU
		{63E503DA-0B33-45D5-906F-7591B4CA115A}.Release|Any CPU.Build.0 = Release|Any CPU
	EndGlobalSection
	GlobalSection(SolutionProperties) = preSolution
		HideSolutionNode = FALSE
	EndGlobalSection
	GlobalSection(ExtensibilityGlobals) = postSolution
		SolutionGuid = {B07D4561-70B5-4375-84A5-1274E62AB60D}
	EndGlobalSection
EndGlobal
