
Microsoft Visual Studio Solution File, Format Version 12.00
# Visual Studio Version 16
VisualStudioVersion = 16.0.29806.167
MinimumVisualStudioVersion = 10.0.40219.1
Project("{FAE04EC0-301F-11D3-BF4B-00C04F79EFBC}") = "taskk2", "taskk2\taskk2.csproj", "{41A6A9ED-D5D8-4FF5-BEED-39CACDD8903D}"
EndProject
Global
	GlobalSection(SolutionConfigurationPlatforms) = preSolution
		Debug|Any CPU = Debug|Any CPU
		Release|Any CPU = Release|Any CPU
	EndGlobalSection
	GlobalSection(ProjectConfigurationPlatforms) = postSolution
		{41A6A9ED-D5D8-4FF5-BEED-39CACDD8903D}.Debug|Any CPU.ActiveCfg = Debug|Any CPU
		{41A6A9ED-D5D8-4FF5-BEED-39CACDD8903D}.Debug|Any CPU.Build.0 = Debug|Any CPU
		{41A6A9ED-D5D8-4FF5-BEED-39CACDD8903D}.Release|Any CPU.ActiveCfg = Release|Any CPU
		{41A6A9ED-D5D8-4FF5-BEED-39CACDD8903D}.Release|Any CPU.Build.0 = Release|Any CPU
	EndGlobalSection
	GlobalSection(SolutionProperties) = preSolution
		HideSolutionNode = FALSE
	EndGlobalSection
	GlobalSection(ExtensibilityGlobals) = postSolution
		SolutionGuid = {EC8729F4-54F0-4B7A-8607-D74F0F1EB1C4}
	EndGlobalSection
EndGlobal
