
Microsoft Visual Studio Solution File, Format Version 12.00
# Visual Studio Version 16
VisualStudioVersion = 16.0.29806.167
MinimumVisualStudioVersion = 10.0.40219.1
Project("{FAE04EC0-301F-11D3-BF4B-00C04F79EFBC}") = "task_3", "task_3\task_3.csproj", "{188E92ED-2F76-4CB7-8250-15C8F4CF5F89}"
EndProject
Global
	GlobalSection(SolutionConfigurationPlatforms) = preSolution
		Debug|Any CPU = Debug|Any CPU
		Release|Any CPU = Release|Any CPU
	EndGlobalSection
	GlobalSection(ProjectConfigurationPlatforms) = postSolution
		{188E92ED-2F76-4CB7-8250-15C8F4CF5F89}.Debug|Any CPU.ActiveCfg = Debug|Any CPU
		{188E92ED-2F76-4CB7-8250-15C8F4CF5F89}.Debug|Any CPU.Build.0 = Debug|Any CPU
		{188E92ED-2F76-4CB7-8250-15C8F4CF5F89}.Release|Any CPU.ActiveCfg = Release|Any CPU
		{188E92ED-2F76-4CB7-8250-15C8F4CF5F89}.Release|Any CPU.Build.0 = Release|Any CPU
	EndGlobalSection
	GlobalSection(SolutionProperties) = preSolution
		HideSolutionNode = FALSE
	EndGlobalSection
	GlobalSection(ExtensibilityGlobals) = postSolution
		SolutionGuid = {88972116-390B-45F3-BF5C-9D7B11436E99}
	EndGlobalSection
EndGlobal
